
Microsoft Visual Studio Solution File, Format Version 12.00
# Visual Studio 2012
Project("{FAE04EC0-301F-11D3-BF4B-00C04F79EFBC}") = "ProjectTemplates", "ProjectTemplates.csproj", "{5FA7D63E-FAA7-4648-93C5-B4F75EC89A5A}"
EndProject
Global
	GlobalSection(SolutionConfigurationPlatforms) = preSolution
		Debug|Any CPU = Debug|Any CPU
		Release|Any CPU = Release|Any CPU
	EndGlobalSection
	GlobalSection(ProjectConfigurationPlatforms) = postSolution
		{5FA7D63E-FAA7-4648-93C5-B4F75EC89A5A}.Debug|Any CPU.ActiveCfg = Debug|Any CPU
		{5FA7D63E-FAA7-4648-93C5-B4F75EC89A5A}.Debug|Any CPU.Build.0 = Debug|Any CPU
		{5FA7D63E-FAA7-4648-93C5-B4F75EC89A5A}.Release|Any CPU.ActiveCfg = Release|Any CPU
		{5FA7D63E-FAA7-4648-93C5-B4F75EC89A5A}.Release|Any CPU.Build.0 = Release|Any CPU
	EndGlobalSection
	GlobalSection(SolutionProperties) = preSolution
		HideSolutionNode = FALSE
	EndGlobalSection
EndGlobal
