
Microsoft Visual Studio Solution File, Format Version 11.00
# Visual Studio 2010
Project("{FAE04EC0-301F-11D3-BF4B-00C04F79EFBC}") = "WebApp", "WebApp\WebApp.csproj", "{665AAA8F-BDC2-463F-8BAD-DD5478C7C959}"
EndProject
Project("{FAE04EC0-301F-11D3-BF4B-00C04F79EFBC}") = "Diagnostics", "Diagnostics\Diagnostics.csproj", "{92342C65-52D1-4A5C-8243-D6CA60A0F863}"
EndProject
Project("{FAE04EC0-301F-11D3-BF4B-00C04F79EFBC}") = "AspNetIntegration", "AspNetIntegration\AspNetIntegration.csproj", "{5E6FA072-C7AA-48AE-BFBD-F93248F9465C}"
EndProject
Project("{FAE04EC0-301F-11D3-BF4B-00C04F79EFBC}") = "Core", "Core\Core.csproj", "{C584F305-4EE6-41B8-8248-E9BF5D96CA6B}"
EndProject
Global
	GlobalSection(SolutionConfigurationPlatforms) = preSolution
		Debug|Any CPU = Debug|Any CPU
		Release|Any CPU = Release|Any CPU
	EndGlobalSection
	GlobalSection(ProjectConfigurationPlatforms) = postSolution
		{665AAA8F-BDC2-463F-8BAD-DD5478C7C959}.Debug|Any CPU.ActiveCfg = Debug|Any CPU
		{665AAA8F-BDC2-463F-8BAD-DD5478C7C959}.Debug|Any CPU.Build.0 = Debug|Any CPU
		{665AAA8F-BDC2-463F-8BAD-DD5478C7C959}.Release|Any CPU.ActiveCfg = Release|Any CPU
		{665AAA8F-BDC2-463F-8BAD-DD5478C7C959}.Release|Any CPU.Build.0 = Release|Any CPU
		{92342C65-52D1-4A5C-8243-D6CA60A0F863}.Debug|Any CPU.ActiveCfg = Debug|Any CPU
		{92342C65-52D1-4A5C-8243-D6CA60A0F863}.Debug|Any CPU.Build.0 = Debug|Any CPU
		{92342C65-52D1-4A5C-8243-D6CA60A0F863}.Release|Any CPU.ActiveCfg = Release|Any CPU
		{92342C65-52D1-4A5C-8243-D6CA60A0F863}.Release|Any CPU.Build.0 = Release|Any CPU
		{5E6FA072-C7AA-48AE-BFBD-F93248F9465C}.Debug|Any CPU.ActiveCfg = Debug|Any CPU
		{5E6FA072-C7AA-48AE-BFBD-F93248F9465C}.Debug|Any CPU.Build.0 = Debug|Any CPU
		{5E6FA072-C7AA-48AE-BFBD-F93248F9465C}.Release|Any CPU.ActiveCfg = Release|Any CPU
		{5E6FA072-C7AA-48AE-BFBD-F93248F9465C}.Release|Any CPU.Build.0 = Release|Any CPU
		{C584F305-4EE6-41B8-8248-E9BF5D96CA6B}.Debug|Any CPU.ActiveCfg = Debug|Any CPU
		{C584F305-4EE6-41B8-8248-E9BF5D96CA6B}.Debug|Any CPU.Build.0 = Debug|Any CPU
		{C584F305-4EE6-41B8-8248-E9BF5D96CA6B}.Release|Any CPU.ActiveCfg = Release|Any CPU
		{C584F305-4EE6-41B8-8248-E9BF5D96CA6B}.Release|Any CPU.Build.0 = Release|Any CPU
	EndGlobalSection
	GlobalSection(SolutionProperties) = preSolution
		HideSolutionNode = FALSE
	EndGlobalSection
EndGlobal
